// !$*UTF8*$!
{
	archiveVersion = 1;
	classes = {
	};
	objectVersion = 56;
	objects = {

/* Begin PBXBuildFile section */
		889B1985290A2CFC009C8DCE /* AppDelegate.swift in Sources */ = {isa = PBXBuildFile; fileRef = 889B1984290A2CFC009C8DCE /* AppDelegate.swift */; };
		889B1987290A2CFC009C8DCE /* SceneDelegate.swift in Sources */ = {isa = PBXBuildFile; fileRef = 889B1986290A2CFC009C8DCE /* SceneDelegate.swift */; };
		889B198E290A2CFD009C8DCE /* Assets.xcassets in Resources */ = {isa = PBXBuildFile; fileRef = 889B198D290A2CFD009C8DCE /* Assets.xcassets */; };
		889B1991290A2CFD009C8DCE /* LaunchScreen.storyboard in Resources */ = {isa = PBXBuildFile; fileRef = 889B198F290A2CFD009C8DCE /* LaunchScreen.storyboard */; };
		889B19B5290A2DC7009C8DCE /* HomeView.swift in Sources */ = {isa = PBXBuildFile; fileRef = 889B19B4290A2DC7009C8DCE /* HomeView.swift */; };
		889B19B7290A2ED0009C8DCE /* UIViewPreview.swift in Sources */ = {isa = PBXBuildFile; fileRef = 889B19B6290A2ED0009C8DCE /* UIViewPreview.swift */; };
		889B19B9290A2F9D009C8DCE /* HomeViewController.swift in Sources */ = {isa = PBXBuildFile; fileRef = 889B19B8290A2F9D009C8DCE /* HomeViewController.swift */; };
		889B19BB290A2FC1009C8DCE /* MainNavigationController.swift in Sources */ = {isa = PBXBuildFile; fileRef = 889B19BA290A2FC1009C8DCE /* MainNavigationController.swift */; };
		88C1AB54290A486A00844D51 /* MainNavigationControllerTests.swift in Sources */ = {isa = PBXBuildFile; fileRef = 88C1AB53290A486A00844D51 /* MainNavigationControllerTests.swift */; };
		88C1AB56290A48FA00844D51 /* LocationService.swift in Sources */ = {isa = PBXBuildFile; fileRef = 88C1AB55290A48FA00844D51 /* LocationService.swift */; };
		88C1AB5B290B930A00844D51 /* NearbyBreweriesView.swift in Sources */ = {isa = PBXBuildFile; fileRef = 88C1AB5A290B930A00844D51 /* NearbyBreweriesView.swift */; };
		88C1AB5D290B96F300844D51 /* NearbyBreweriesViewController.swift in Sources */ = {isa = PBXBuildFile; fileRef = 88C1AB5C290B96F300844D51 /* NearbyBreweriesViewController.swift */; };
		88C1AB5F290B972E00844D51 /* NearbyBreweriesViewModel.swift in Sources */ = {isa = PBXBuildFile; fileRef = 88C1AB5E290B972E00844D51 /* NearbyBreweriesViewModel.swift */; };
		88C1AB61290B9CD600844D51 /* NearbyBreweryCell.swift in Sources */ = {isa = PBXBuildFile; fileRef = 88C1AB60290B9CD600844D51 /* NearbyBreweryCell.swift */; };
		88C1AB63290BA78A00844D51 /* SearchService.swift in Sources */ = {isa = PBXBuildFile; fileRef = 88C1AB62290BA78A00844D51 /* SearchService.swift */; };
		88C1AB65290BA82900844D51 /* OpenBreweryDBSearchServiceTests.swift in Sources */ = {isa = PBXBuildFile; fileRef = 88C1AB64290BA82900844D51 /* OpenBreweryDBSearchServiceTests.swift */; };
		88C1AB69290CEE7E00844D51 /* NearbyBreweriesViewModelTests.swift in Sources */ = {isa = PBXBuildFile; fileRef = 88C1AB68290CEE7E00844D51 /* NearbyBreweriesViewModelTests.swift */; };
		88C1AB6C290CFA1A00844D51 /* LocationService.swift in Sources */ = {isa = PBXBuildFile; fileRef = 88C1AB6B290CFA1A00844D51 /* LocationService.swift */; };
		88C1AB6E290CFA2E00844D51 /* SearchService.swift in Sources */ = {isa = PBXBuildFile; fileRef = 88C1AB6D290CFA2E00844D51 /* SearchService.swift */; };
		88C1AB71290E154F00844D51 /* BreweryDetailView.swift in Sources */ = {isa = PBXBuildFile; fileRef = 88C1AB70290E154F00844D51 /* BreweryDetailView.swift */; };
		88C1AB73290E1A1B00844D51 /* BreweryDetailViewController.swift in Sources */ = {isa = PBXBuildFile; fileRef = 88C1AB72290E1A1B00844D51 /* BreweryDetailViewController.swift */; };
		88C1AB75290E205300844D51 /* BreweryDetailViewModel.swift in Sources */ = {isa = PBXBuildFile; fileRef = 88C1AB74290E205300844D51 /* BreweryDetailViewModel.swift */; };
/* End PBXBuildFile section */

/* Begin PBXContainerItemProxy section */
		889B1998290A2CFD009C8DCE /* PBXContainerItemProxy */ = {
			isa = PBXContainerItemProxy;
			containerPortal = 889B1979290A2CFC009C8DCE /* Project object */;
			proxyType = 1;
			remoteGlobalIDString = 889B1980290A2CFC009C8DCE;
			remoteInfo = BreweryFinder;
		};
/* End PBXContainerItemProxy section */

/* Begin PBXFileReference section */
		889B1981290A2CFC009C8DCE /* BreweryFinder.app */ = {isa = PBXFileReference; explicitFileType = wrapper.application; includeInIndex = 0; path = BreweryFinder.app; sourceTree = BUILT_PRODUCTS_DIR; };
		889B1984290A2CFC009C8DCE /* AppDelegate.swift */ = {isa = PBXFileReference; lastKnownFileType = sourcecode.swift; path = AppDelegate.swift; sourceTree = "<group>"; };
		889B1986290A2CFC009C8DCE /* SceneDelegate.swift */ = {isa = PBXFileReference; lastKnownFileType = sourcecode.swift; path = SceneDelegate.swift; sourceTree = "<group>"; };
		889B198D290A2CFD009C8DCE /* Assets.xcassets */ = {isa = PBXFileReference; lastKnownFileType = folder.assetcatalog; path = Assets.xcassets; sourceTree = "<group>"; };
		889B1990290A2CFD009C8DCE /* Base */ = {isa = PBXFileReference; lastKnownFileType = file.storyboard; name = Base; path = Base.lproj/LaunchScreen.storyboard; sourceTree = "<group>"; };
		889B1992290A2CFD009C8DCE /* Info.plist */ = {isa = PBXFileReference; lastKnownFileType = text.plist.xml; path = Info.plist; sourceTree = "<group>"; };
		889B1997290A2CFD009C8DCE /* BreweryFinderTests.xctest */ = {isa = PBXFileReference; explicitFileType = wrapper.cfbundle; includeInIndex = 0; path = BreweryFinderTests.xctest; sourceTree = BUILT_PRODUCTS_DIR; };
		889B19B4290A2DC7009C8DCE /* HomeView.swift */ = {isa = PBXFileReference; lastKnownFileType = sourcecode.swift; path = HomeView.swift; sourceTree = "<group>"; };
		889B19B6290A2ED0009C8DCE /* UIViewPreview.swift */ = {isa = PBXFileReference; lastKnownFileType = sourcecode.swift; path = UIViewPreview.swift; sourceTree = "<group>"; };
		889B19B8290A2F9D009C8DCE /* HomeViewController.swift */ = {isa = PBXFileReference; lastKnownFileType = sourcecode.swift; path = HomeViewController.swift; sourceTree = "<group>"; };
		889B19BA290A2FC1009C8DCE /* MainNavigationController.swift */ = {isa = PBXFileReference; lastKnownFileType = sourcecode.swift; path = MainNavigationController.swift; sourceTree = "<group>"; };
		88C1AB53290A486A00844D51 /* MainNavigationControllerTests.swift */ = {isa = PBXFileReference; lastKnownFileType = sourcecode.swift; path = MainNavigationControllerTests.swift; sourceTree = "<group>"; };
		88C1AB55290A48FA00844D51 /* LocationService.swift */ = {isa = PBXFileReference; lastKnownFileType = sourcecode.swift; path = LocationService.swift; sourceTree = "<group>"; };
		88C1AB5A290B930A00844D51 /* NearbyBreweriesView.swift */ = {isa = PBXFileReference; lastKnownFileType = sourcecode.swift; path = NearbyBreweriesView.swift; sourceTree = "<group>"; };
		88C1AB5C290B96F300844D51 /* NearbyBreweriesViewController.swift */ = {isa = PBXFileReference; lastKnownFileType = sourcecode.swift; path = NearbyBreweriesViewController.swift; sourceTree = "<group>"; };
		88C1AB5E290B972E00844D51 /* NearbyBreweriesViewModel.swift */ = {isa = PBXFileReference; lastKnownFileType = sourcecode.swift; path = NearbyBreweriesViewModel.swift; sourceTree = "<group>"; };
		88C1AB60290B9CD600844D51 /* NearbyBreweryCell.swift */ = {isa = PBXFileReference; lastKnownFileType = sourcecode.swift; path = NearbyBreweryCell.swift; sourceTree = "<group>"; };
		88C1AB62290BA78A00844D51 /* SearchService.swift */ = {isa = PBXFileReference; lastKnownFileType = sourcecode.swift; path = SearchService.swift; sourceTree = "<group>"; };
		88C1AB64290BA82900844D51 /* OpenBreweryDBSearchServiceTests.swift */ = {isa = PBXFileReference; lastKnownFileType = sourcecode.swift; path = OpenBreweryDBSearchServiceTests.swift; sourceTree = "<group>"; };
		88C1AB68290CEE7E00844D51 /* NearbyBreweriesViewModelTests.swift */ = {isa = PBXFileReference; lastKnownFileType = sourcecode.swift; path = NearbyBreweriesViewModelTests.swift; sourceTree = "<group>"; };
		88C1AB6B290CFA1A00844D51 /* LocationService.swift */ = {isa = PBXFileReference; lastKnownFileType = sourcecode.swift; path = LocationService.swift; sourceTree = "<group>"; };
		88C1AB6D290CFA2E00844D51 /* SearchService.swift */ = {isa = PBXFileReference; lastKnownFileType = sourcecode.swift; path = SearchService.swift; sourceTree = "<group>"; };
		88C1AB70290E154F00844D51 /* BreweryDetailView.swift */ = {isa = PBXFileReference; lastKnownFileType = sourcecode.swift; path = BreweryDetailView.swift; sourceTree = "<group>"; };
		88C1AB72290E1A1B00844D51 /* BreweryDetailViewController.swift */ = {isa = PBXFileReference; lastKnownFileType = sourcecode.swift; path = BreweryDetailViewController.swift; sourceTree = "<group>"; };
		88C1AB74290E205300844D51 /* BreweryDetailViewModel.swift */ = {isa = PBXFileReference; lastKnownFileType = sourcecode.swift; path = BreweryDetailViewModel.swift; sourceTree = "<group>"; };
/* End PBXFileReference section */

/* Begin PBXFrameworksBuildPhase section */
		889B197E290A2CFC009C8DCE /* Frameworks */ = {
			isa = PBXFrameworksBuildPhase;
			buildActionMask = 2147483647;
			files = (
			);
			runOnlyForDeploymentPostprocessing = 0;
		};
		889B1994290A2CFD009C8DCE /* Frameworks */ = {
			isa = PBXFrameworksBuildPhase;
			buildActionMask = 2147483647;
			files = (
			);
			runOnlyForDeploymentPostprocessing = 0;
		};
/* End PBXFrameworksBuildPhase section */

/* Begin PBXGroup section */
		889B1978290A2CFC009C8DCE = {
			isa = PBXGroup;
			children = (
				889B1983290A2CFC009C8DCE /* BreweryFinder */,
				889B199A290A2CFD009C8DCE /* BreweryFinderTests */,
				889B1982290A2CFC009C8DCE /* Products */,
			);
			sourceTree = "<group>";
		};
		889B1982290A2CFC009C8DCE /* Products */ = {
			isa = PBXGroup;
			children = (
				889B1981290A2CFC009C8DCE /* BreweryFinder.app */,
				889B1997290A2CFD009C8DCE /* BreweryFinderTests.xctest */,
			);
			name = Products;
			sourceTree = "<group>";
		};
		889B1983290A2CFC009C8DCE /* BreweryFinder */ = {
			isa = PBXGroup;
			children = (
				88C1AB6F290E154300844D51 /* Brewery Details */,
				88C1AB59290B92FA00844D51 /* Nearby Breweries */,
				88C1AB58290B92DE00844D51 /* Services */,
				88C1AB57290B92C400844D51 /* Home */,
				889B1984290A2CFC009C8DCE /* AppDelegate.swift */,
				889B1986290A2CFC009C8DCE /* SceneDelegate.swift */,
				889B198D290A2CFD009C8DCE /* Assets.xcassets */,
				889B198F290A2CFD009C8DCE /* LaunchScreen.storyboard */,
				889B1992290A2CFD009C8DCE /* Info.plist */,
				889B19B6290A2ED0009C8DCE /* UIViewPreview.swift */,
				889B19BA290A2FC1009C8DCE /* MainNavigationController.swift */,
			);
			path = BreweryFinder;
			sourceTree = "<group>";
		};
		889B199A290A2CFD009C8DCE /* BreweryFinderTests */ = {
			isa = PBXGroup;
			children = (
				88C1AB6A290CFA0E00844D51 /* Test Doubles */,
				88C1AB53290A486A00844D51 /* MainNavigationControllerTests.swift */,
				88C1AB64290BA82900844D51 /* OpenBreweryDBSearchServiceTests.swift */,
				88C1AB68290CEE7E00844D51 /* NearbyBreweriesViewModelTests.swift */,
			);
			path = BreweryFinderTests;
			sourceTree = "<group>";
		};
		88C1AB57290B92C400844D51 /* Home */ = {
			isa = PBXGroup;
			children = (
				889B19B4290A2DC7009C8DCE /* HomeView.swift */,
				889B19B8290A2F9D009C8DCE /* HomeViewController.swift */,
			);
			path = Home;
			sourceTree = "<group>";
		};
		88C1AB58290B92DE00844D51 /* Services */ = {
			isa = PBXGroup;
			children = (
				88C1AB55290A48FA00844D51 /* LocationService.swift */,
				88C1AB62290BA78A00844D51 /* SearchService.swift */,
			);
			path = Services;
			sourceTree = "<group>";
		};
		88C1AB59290B92FA00844D51 /* Nearby Breweries */ = {
			isa = PBXGroup;
			children = (
				88C1AB5A290B930A00844D51 /* NearbyBreweriesView.swift */,
				88C1AB5C290B96F300844D51 /* NearbyBreweriesViewController.swift */,
				88C1AB5E290B972E00844D51 /* NearbyBreweriesViewModel.swift */,
				88C1AB60290B9CD600844D51 /* NearbyBreweryCell.swift */,
			);
			path = "Nearby Breweries";
			sourceTree = "<group>";
		};
		88C1AB6A290CFA0E00844D51 /* Test Doubles */ = {
			isa = PBXGroup;
			children = (
				88C1AB6B290CFA1A00844D51 /* LocationService.swift */,
				88C1AB6D290CFA2E00844D51 /* SearchService.swift */,
			);
			path = "Test Doubles";
			sourceTree = "<group>";
		};
		88C1AB6F290E154300844D51 /* Brewery Details */ = {
			isa = PBXGroup;
			children = (
				88C1AB70290E154F00844D51 /* BreweryDetailView.swift */,
				88C1AB72290E1A1B00844D51 /* BreweryDetailViewController.swift */,
				88C1AB74290E205300844D51 /* BreweryDetailViewModel.swift */,
			);
			path = "Brewery Details";
			sourceTree = "<group>";
		};
/* End PBXGroup section */

/* Begin PBXNativeTarget section */
		889B1980290A2CFC009C8DCE /* BreweryFinder */ = {
			isa = PBXNativeTarget;
			buildConfigurationList = 889B19AB290A2CFE009C8DCE /* Build configuration list for PBXNativeTarget "BreweryFinder" */;
			buildPhases = (
				889B197D290A2CFC009C8DCE /* Sources */,
				889B197E290A2CFC009C8DCE /* Frameworks */,
				889B197F290A2CFC009C8DCE /* Resources */,
			);
			buildRules = (
			);
			dependencies = (
			);
			name = BreweryFinder;
			productName = BreweryFinder;
			productReference = 889B1981290A2CFC009C8DCE /* BreweryFinder.app */;
			productType = "com.apple.product-type.application";
		};
		889B1996290A2CFD009C8DCE /* BreweryFinderTests */ = {
			isa = PBXNativeTarget;
			buildConfigurationList = 889B19AE290A2CFE009C8DCE /* Build configuration list for PBXNativeTarget "BreweryFinderTests" */;
			buildPhases = (
				889B1993290A2CFD009C8DCE /* Sources */,
				889B1994290A2CFD009C8DCE /* Frameworks */,
				889B1995290A2CFD009C8DCE /* Resources */,
			);
			buildRules = (
			);
			dependencies = (
				889B1999290A2CFD009C8DCE /* PBXTargetDependency */,
			);
			name = BreweryFinderTests;
			productName = BreweryFinderTests;
			productReference = 889B1997290A2CFD009C8DCE /* BreweryFinderTests.xctest */;
			productType = "com.apple.product-type.bundle.unit-test";
		};
/* End PBXNativeTarget section */

/* Begin PBXProject section */
		889B1979290A2CFC009C8DCE /* Project object */ = {
			isa = PBXProject;
			attributes = {
				BuildIndependentTargetsInParallel = 1;
				LastSwiftUpdateCheck = 1400;
				LastUpgradeCheck = 1400;
				TargetAttributes = {
					889B1980290A2CFC009C8DCE = {
						CreatedOnToolsVersion = 14.0.1;
					};
					889B1996290A2CFD009C8DCE = {
						CreatedOnToolsVersion = 14.0.1;
						LastSwiftMigration = 1410;
						TestTargetID = 889B1980290A2CFC009C8DCE;
					};
				};
			};
			buildConfigurationList = 889B197C290A2CFC009C8DCE /* Build configuration list for PBXProject "BreweryFinder" */;
			compatibilityVersion = "Xcode 14.0";
			developmentRegion = en;
			hasScannedForEncodings = 0;
			knownRegions = (
				en,
				Base,
			);
			mainGroup = 889B1978290A2CFC009C8DCE;
			productRefGroup = 889B1982290A2CFC009C8DCE /* Products */;
			projectDirPath = "";
			projectRoot = "";
			targets = (
				889B1980290A2CFC009C8DCE /* BreweryFinder */,
				889B1996290A2CFD009C8DCE /* BreweryFinderTests */,
			);
		};
/* End PBXProject section */

/* Begin PBXResourcesBuildPhase section */
		889B197F290A2CFC009C8DCE /* Resources */ = {
			isa = PBXResourcesBuildPhase;
			buildActionMask = 2147483647;
			files = (
				889B1991290A2CFD009C8DCE /* LaunchScreen.storyboard in Resources */,
				889B198E290A2CFD009C8DCE /* Assets.xcassets in Resources */,
			);
			runOnlyForDeploymentPostprocessing = 0;
		};
		889B1995290A2CFD009C8DCE /* Resources */ = {
			isa = PBXResourcesBuildPhase;
			buildActionMask = 2147483647;
			files = (
			);
			runOnlyForDeploymentPostprocessing = 0;
		};
/* End PBXResourcesBuildPhase section */

/* Begin PBXSourcesBuildPhase section */
		889B197D290A2CFC009C8DCE /* Sources */ = {
			isa = PBXSourcesBuildPhase;
			buildActionMask = 2147483647;
			files = (
				88C1AB5B290B930A00844D51 /* NearbyBreweriesView.swift in Sources */,
				88C1AB56290A48FA00844D51 /* LocationService.swift in Sources */,
				889B19B7290A2ED0009C8DCE /* UIViewPreview.swift in Sources */,
				889B19B5290A2DC7009C8DCE /* HomeView.swift in Sources */,
				88C1AB5F290B972E00844D51 /* NearbyBreweriesViewModel.swift in Sources */,
				889B1985290A2CFC009C8DCE /* AppDelegate.swift in Sources */,
				88C1AB5D290B96F300844D51 /* NearbyBreweriesViewController.swift in Sources */,
				88C1AB61290B9CD600844D51 /* NearbyBreweryCell.swift in Sources */,
				889B19BB290A2FC1009C8DCE /* MainNavigationController.swift in Sources */,
				88C1AB75290E205300844D51 /* BreweryDetailViewModel.swift in Sources */,
				88C1AB63290BA78A00844D51 /* SearchService.swift in Sources */,
				88C1AB73290E1A1B00844D51 /* BreweryDetailViewController.swift in Sources */,
				889B1987290A2CFC009C8DCE /* SceneDelegate.swift in Sources */,
				889B19B9290A2F9D009C8DCE /* HomeViewController.swift in Sources */,
				88C1AB71290E154F00844D51 /* BreweryDetailView.swift in Sources */,
			);
			runOnlyForDeploymentPostprocessing = 0;
		};
		889B1993290A2CFD009C8DCE /* Sources */ = {
			isa = PBXSourcesBuildPhase;
			buildActionMask = 2147483647;
			files = (
				88C1AB65290BA82900844D51 /* OpenBreweryDBSearchServiceTests.swift in Sources */,
				88C1AB54290A486A00844D51 /* MainNavigationControllerTests.swift in Sources */,
				88C1AB6E290CFA2E00844D51 /* SearchService.swift in Sources */,
				88C1AB6C290CFA1A00844D51 /* LocationService.swift in Sources */,
				88C1AB69290CEE7E00844D51 /* NearbyBreweriesViewModelTests.swift in Sources */,
			);
			runOnlyForDeploymentPostprocessing = 0;
		};
/* End PBXSourcesBuildPhase section */

/* Begin PBXTargetDependency section */
		889B1999290A2CFD009C8DCE /* PBXTargetDependency */ = {
			isa = PBXTargetDependency;
			target = 889B1980290A2CFC009C8DCE /* BreweryFinder */;
			targetProxy = 889B1998290A2CFD009C8DCE /* PBXContainerItemProxy */;
		};
/* End PBXTargetDependency section */

/* Begin PBXVariantGroup section */
		889B198F290A2CFD009C8DCE /* LaunchScreen.storyboard */ = {
			isa = PBXVariantGroup;
			children = (
				889B1990290A2CFD009C8DCE /* Base */,
			);
			name = LaunchScreen.storyboard;
			sourceTree = "<group>";
		};
/* End PBXVariantGroup section */

/* Begin XCBuildConfiguration section */
		889B19A9290A2CFE009C8DCE /* Debug */ = {
			isa = XCBuildConfiguration;
			buildSettings = {
				ALWAYS_SEARCH_USER_PATHS = NO;
				CLANG_ANALYZER_NONNULL = YES;
				CLANG_ANALYZER_NUMBER_OBJECT_CONVERSION = YES_AGGRESSIVE;
				CLANG_CXX_LANGUAGE_STANDARD = "gnu++20";
				CLANG_ENABLE_MODULES = YES;
				CLANG_ENABLE_OBJC_ARC = YES;
				CLANG_ENABLE_OBJC_WEAK = YES;
				CLANG_WARN_BLOCK_CAPTURE_AUTORELEASING = YES;
				CLANG_WARN_BOOL_CONVERSION = YES;
				CLANG_WARN_COMMA = YES;
				CLANG_WARN_CONSTANT_CONVERSION = YES;
				CLANG_WARN_DEPRECATED_OBJC_IMPLEMENTATIONS = YES;
				CLANG_WARN_DIRECT_OBJC_ISA_USAGE = YES_ERROR;
				CLANG_WARN_DOCUMENTATION_COMMENTS = YES;
				CLANG_WARN_EMPTY_BODY = YES;
				CLANG_WARN_ENUM_CONVERSION = YES;
				CLANG_WARN_INFINITE_RECURSION = YES;
				CLANG_WARN_INT_CONVERSION = YES;
				CLANG_WARN_NON_LITERAL_NULL_CONVERSION = YES;
				CLANG_WARN_OBJC_IMPLICIT_RETAIN_SELF = YES;
				CLANG_WARN_OBJC_LITERAL_CONVERSION = YES;
				CLANG_WARN_OBJC_ROOT_CLASS = YES_ERROR;
				CLANG_WARN_QUOTED_INCLUDE_IN_FRAMEWORK_HEADER = YES;
				CLANG_WARN_RANGE_LOOP_ANALYSIS = YES;
				CLANG_WARN_STRICT_PROTOTYPES = YES;
				CLANG_WARN_SUSPICIOUS_MOVE = YES;
				CLANG_WARN_UNGUARDED_AVAILABILITY = YES_AGGRESSIVE;
				CLANG_WARN_UNREACHABLE_CODE = YES;
				CLANG_WARN__DUPLICATE_METHOD_MATCH = YES;
				COPY_PHASE_STRIP = NO;
				DEBUG_INFORMATION_FORMAT = dwarf;
				ENABLE_STRICT_OBJC_MSGSEND = YES;
				ENABLE_TESTABILITY = YES;
				GCC_C_LANGUAGE_STANDARD = gnu11;
				GCC_DYNAMIC_NO_PIC = NO;
				GCC_NO_COMMON_BLOCKS = YES;
				GCC_OPTIMIZATION_LEVEL = 0;
				GCC_PREPROCESSOR_DEFINITIONS = (
					"DEBUG=1",
					"$(inherited)",
				);
				GCC_WARN_64_TO_32_BIT_CONVERSION = YES;
				GCC_WARN_ABOUT_RETURN_TYPE = YES_ERROR;
				GCC_WARN_UNDECLARED_SELECTOR = YES;
				GCC_WARN_UNINITIALIZED_AUTOS = YES_AGGRESSIVE;
				GCC_WARN_UNUSED_FUNCTION = YES;
				GCC_WARN_UNUSED_VARIABLE = YES;
				IPHONEOS_DEPLOYMENT_TARGET = 16.0;
				MTL_ENABLE_DEBUG_INFO = INCLUDE_SOURCE;
				MTL_FAST_MATH = YES;
				ONLY_ACTIVE_ARCH = YES;
				SDKROOT = iphoneos;
				SWIFT_ACTIVE_COMPILATION_CONDITIONS = DEBUG;
				SWIFT_OPTIMIZATION_LEVEL = "-Onone";
			};
			name = Debug;
		};
		889B19AA290A2CFE009C8DCE /* Release */ = {
			isa = XCBuildConfiguration;
			buildSettings = {
				ALWAYS_SEARCH_USER_PATHS = NO;
				CLANG_ANALYZER_NONNULL = YES;
				CLANG_ANALYZER_NUMBER_OBJECT_CONVERSION = YES_AGGRESSIVE;
				CLANG_CXX_LANGUAGE_STANDARD = "gnu++20";
				CLANG_ENABLE_MODULES = YES;
				CLANG_ENABLE_OBJC_ARC = YES;
				CLANG_ENABLE_OBJC_WEAK = YES;
				CLANG_WARN_BLOCK_CAPTURE_AUTORELEASING = YES;
				CLANG_WARN_BOOL_CONVERSION = YES;
				CLANG_WARN_COMMA = YES;
				CLANG_WARN_CONSTANT_CONVERSION = YES;
				CLANG_WARN_DEPRECATED_OBJC_IMPLEMENTATIONS = YES;
				CLANG_WARN_DIRECT_OBJC_ISA_USAGE = YES_ERROR;
				CLANG_WARN_DOCUMENTATION_COMMENTS = YES;
				CLANG_WARN_EMPTY_BODY = YES;
				CLANG_WARN_ENUM_CONVERSION = YES;
				CLANG_WARN_INFINITE_RECURSION = YES;
				CLANG_WARN_INT_CONVERSION = YES;
				CLANG_WARN_NON_LITERAL_NULL_CONVERSION = YES;
				CLANG_WARN_OBJC_IMPLICIT_RETAIN_SELF = YES;
				CLANG_WARN_OBJC_LITERAL_CONVERSION = YES;
				CLANG_WARN_OBJC_ROOT_CLASS = YES_ERROR;
				CLANG_WARN_QUOTED_INCLUDE_IN_FRAMEWORK_HEADER = YES;
				CLANG_WARN_RANGE_LOOP_ANALYSIS = YES;
				CLANG_WARN_STRICT_PROTOTYPES = YES;
				CLANG_WARN_SUSPICIOUS_MOVE = YES;
				CLANG_WARN_UNGUARDED_AVAILABILITY = YES_AGGRESSIVE;
				CLANG_WARN_UNREACHABLE_CODE = YES;
				CLANG_WARN__DUPLICATE_METHOD_MATCH = YES;
				COPY_PHASE_STRIP = NO;
				DEBUG_INFORMATION_FORMAT = "dwarf-with-dsym";
				ENABLE_NS_ASSERTIONS = NO;
				ENABLE_STRICT_OBJC_MSGSEND = YES;
				GCC_C_LANGUAGE_STANDARD = gnu11;
				GCC_NO_COMMON_BLOCKS = YES;
				GCC_WARN_64_TO_32_BIT_CONVERSION = YES;
				GCC_WARN_ABOUT_RETURN_TYPE = YES_ERROR;
				GCC_WARN_UNDECLARED_SELECTOR = YES;
				GCC_WARN_UNINITIALIZED_AUTOS = YES_AGGRESSIVE;
				GCC_WARN_UNUSED_FUNCTION = YES;
				GCC_WARN_UNUSED_VARIABLE = YES;
				IPHONEOS_DEPLOYMENT_TARGET = 16.0;
				MTL_ENABLE_DEBUG_INFO = NO;
				MTL_FAST_MATH = YES;
				SDKROOT = iphoneos;
				SWIFT_COMPILATION_MODE = wholemodule;
				SWIFT_OPTIMIZATION_LEVEL = "-O";
				VALIDATE_PRODUCT = YES;
			};
			name = Release;
		};
		889B19AC290A2CFE009C8DCE /* Debug */ = {
			isa = XCBuildConfiguration;
			buildSettings = {
				ASSETCATALOG_COMPILER_APPICON_NAME = AppIcon;
				ASSETCATALOG_COMPILER_GLOBAL_ACCENT_COLOR_NAME = AccentColor;
				CODE_SIGN_STYLE = Automatic;
				CURRENT_PROJECT_VERSION = 1;
				DEVELOPMENT_TEAM = 24TZPXL52Z;
				GENERATE_INFOPLIST_FILE = YES;
				INFOPLIST_FILE = BreweryFinder/Info.plist;
				INFOPLIST_KEY_UIApplicationSupportsIndirectInputEvents = YES;
				INFOPLIST_KEY_UILaunchStoryboardName = LaunchScreen;
				INFOPLIST_KEY_UISupportedInterfaceOrientations_iPad = "UIInterfaceOrientationPortrait UIInterfaceOrientationPortraitUpsideDown UIInterfaceOrientationLandscapeLeft UIInterfaceOrientationLandscapeRight";
				INFOPLIST_KEY_UISupportedInterfaceOrientations_iPhone = "UIInterfaceOrientationPortrait UIInterfaceOrientationLandscapeLeft UIInterfaceOrientationLandscapeRight";
				LD_RUNPATH_SEARCH_PATHS = (
					"$(inherited)",
					"@executable_path/Frameworks",
				);
				MARKETING_VERSION = 1.0;
				PRODUCT_BUNDLE_IDENTIFIER = com.alwold.BreweryFinder;
				PRODUCT_NAME = "$(TARGET_NAME)";
				SWIFT_EMIT_LOC_STRINGS = YES;
				SWIFT_VERSION = 5.0;
				TARGETED_DEVICE_FAMILY = "1,2";
			};
			name = Debug;
		};
		889B19AD290A2CFE009C8DCE /* Release */ = {
			isa = XCBuildConfiguration;
			buildSettings = {
				ASSETCATALOG_COMPILER_APPICON_NAME = AppIcon;
				ASSETCATALOG_COMPILER_GLOBAL_ACCENT_COLOR_NAME = AccentColor;
				CODE_SIGN_STYLE = Automatic;
				CURRENT_PROJECT_VERSION = 1;
				DEVELOPMENT_TEAM = 24TZPXL52Z;
				GENERATE_INFOPLIST_FILE = YES;
				INFOPLIST_FILE = BreweryFinder/Info.plist;
				INFOPLIST_KEY_UIApplicationSupportsIndirectInputEvents = YES;
				INFOPLIST_KEY_UILaunchStoryboardName = LaunchScreen;
				INFOPLIST_KEY_UISupportedInterfaceOrientations_iPad = "UIInterfaceOrientationPortrait UIInterfaceOrientationPortraitUpsideDown UIInterfaceOrientationLandscapeLeft UIInterfaceOrientationLandscapeRight";
				INFOPLIST_KEY_UISupportedInterfaceOrientations_iPhone = "UIInterfaceOrientationPortrait UIInterfaceOrientationLandscapeLeft UIInterfaceOrientationLandscapeRight";
				LD_RUNPATH_SEARCH_PATHS = (
					"$(inherited)",
					"@executable_path/Frameworks",
				);
				MARKETING_VERSION = 1.0;
				PRODUCT_BUNDLE_IDENTIFIER = com.alwold.BreweryFinder;
				PRODUCT_NAME = "$(TARGET_NAME)";
				SWIFT_EMIT_LOC_STRINGS = YES;
				SWIFT_VERSION = 5.0;
				TARGETED_DEVICE_FAMILY = "1,2";
			};
			name = Release;
		};
		889B19AF290A2CFE009C8DCE /* Debug */ = {
			isa = XCBuildConfiguration;
			buildSettings = {
				ALWAYS_EMBED_SWIFT_STANDARD_LIBRARIES = YES;
				BUNDLE_LOADER = "$(TEST_HOST)";
				CLANG_ENABLE_MODULES = YES;
				CODE_SIGN_STYLE = Automatic;
				CURRENT_PROJECT_VERSION = 1;
				DEVELOPMENT_TEAM = 24TZPXL52Z;
				GENERATE_INFOPLIST_FILE = YES;
				IPHONEOS_DEPLOYMENT_TARGET = 16.0;
				LD_RUNPATH_SEARCH_PATHS = (
					"$(inherited)",
					"@executable_path/Frameworks",
					"@loader_path/Frameworks",
				);
				MARKETING_VERSION = 1.0;
				PRODUCT_BUNDLE_IDENTIFIER = com.alwold.BreweryFinderTests;
				PRODUCT_NAME = "$(TARGET_NAME)";
				SWIFT_EMIT_LOC_STRINGS = NO;
				SWIFT_OPTIMIZATION_LEVEL = "-Onone";
				SWIFT_VERSION = 5.0;
				TARGETED_DEVICE_FAMILY = "1,2";
				TEST_HOST = "$(BUILT_PRODUCTS_DIR)/BreweryFinder.app/$(BUNDLE_EXECUTABLE_FOLDER_PATH)/BreweryFinder";
			};
			name = Debug;
		};
		889B19B0290A2CFE009C8DCE /* Release */ = {
			isa = XCBuildConfiguration;
			buildSettings = {
				ALWAYS_EMBED_SWIFT_STANDARD_LIBRARIES = YES;
				BUNDLE_LOADER = "$(TEST_HOST)";
				CLANG_ENABLE_MODULES = YES;
				CODE_SIGN_STYLE = Automatic;
				CURRENT_PROJECT_VERSION = 1;
				DEVELOPMENT_TEAM = 24TZPXL52Z;
				GENERATE_INFOPLIST_FILE = YES;
				IPHONEOS_DEPLOYMENT_TARGET = 16.0;
				LD_RUNPATH_SEARCH_PATHS = (
					"$(inherited)",
					"@executable_path/Frameworks",
					"@loader_path/Frameworks",
				);
				MARKETING_VERSION = 1.0;
				PRODUCT_BUNDLE_IDENTIFIER = com.alwold.BreweryFinderTests;
				PRODUCT_NAME = "$(TARGET_NAME)";
				SWIFT_EMIT_LOC_STRINGS = NO;
				SWIFT_VERSION = 5.0;
				TARGETED_DEVICE_FAMILY = "1,2";
				TEST_HOST = "$(BUILT_PRODUCTS_DIR)/BreweryFinder.app/$(BUNDLE_EXECUTABLE_FOLDER_PATH)/BreweryFinder";
			};
			name = Release;
		};
/* End XCBuildConfiguration section */

/* Begin XCConfigurationList section */
		889B197C290A2CFC009C8DCE /* Build configuration list for PBXProject "BreweryFinder" */ = {
			isa = XCConfigurationList;
			buildConfigurations = (
				889B19A9290A2CFE009C8DCE /* Debug */,
				889B19AA290A2CFE009C8DCE /* Release */,
			);
			defaultConfigurationIsVisible = 0;
			defaultConfigurationName = Release;
		};
		889B19AB290A2CFE009C8DCE /* Build configuration list for PBXNativeTarget "BreweryFinder" */ = {
			isa = XCConfigurationList;
			buildConfigurations = (
				889B19AC290A2CFE009C8DCE /* Debug */,
				889B19AD290A2CFE009C8DCE /* Release */,
			);
			defaultConfigurationIsVisible = 0;
			defaultConfigurationName = Release;
		};
		889B19AE290A2CFE009C8DCE /* Build configuration list for PBXNativeTarget "BreweryFinderTests" */ = {
			isa = XCConfigurationList;
			buildConfigurations = (
				889B19AF290A2CFE009C8DCE /* Debug */,
				889B19B0290A2CFE009C8DCE /* Release */,
			);
			defaultConfigurationIsVisible = 0;
			defaultConfigurationName = Release;
		};
/* End XCConfigurationList section */
	};
	rootObject = 889B1979290A2CFC009C8DCE /* Project object */;
}
